
Microsoft Visual Studio Solution File, Format Version 12.00
# Visual Studio Version 17
VisualStudioVersion = 17.4.33205.214
MinimumVisualStudioVersion = 10.0.40219.1
Project("{9A19103F-16F7-4668-BE54-9A1E7A4F7556}") = "Day1", "Day1\Day1.csproj", "{DC654BA9-83E3-4F45-A9EC-4FFC1E2C3692}"
EndProject
Project("{9A19103F-16F7-4668-BE54-9A1E7A4F7556}") = "Day2", "Day2\Day2.csproj", "{8EB17DAC-A93E-4B70-ACEB-583D13E049A0}"
EndProject
Project("{FAE04EC0-301F-11D3-BF4B-00C04F79EFBC}") = "Day3", "Day3\Day3.csproj", "{11210CB6-CCF0-4464-878C-C0BD519C0F5A}"
EndProject
Global
	GlobalSection(SolutionConfigurationPlatforms) = preSolution
		Debug|Any CPU = Debug|Any CPU
		Release|Any CPU = Release|Any CPU
	EndGlobalSection
	GlobalSection(ProjectConfigurationPlatforms) = postSolution
		{DC654BA9-83E3-4F45-A9EC-4FFC1E2C3692}.Debug|Any CPU.ActiveCfg = Debug|Any CPU
		{DC654BA9-83E3-4F45-A9EC-4FFC1E2C3692}.Debug|Any CPU.Build.0 = Debug|Any CPU
		{DC654BA9-83E3-4F45-A9EC-4FFC1E2C3692}.Release|Any CPU.ActiveCfg = Release|Any CPU
		{DC654BA9-83E3-4F45-A9EC-4FFC1E2C3692}.Release|Any CPU.Build.0 = Release|Any CPU
		{8EB17DAC-A93E-4B70-ACEB-583D13E049A0}.Debug|Any CPU.ActiveCfg = Debug|Any CPU
		{8EB17DAC-A93E-4B70-ACEB-583D13E049A0}.Debug|Any CPU.Build.0 = Debug|Any CPU
		{8EB17DAC-A93E-4B70-ACEB-583D13E049A0}.Release|Any CPU.ActiveCfg = Release|Any CPU
		{8EB17DAC-A93E-4B70-ACEB-583D13E049A0}.Release|Any CPU.Build.0 = Release|Any CPU
		{11210CB6-CCF0-4464-878C-C0BD519C0F5A}.Debug|Any CPU.ActiveCfg = Debug|Any CPU
		{11210CB6-CCF0-4464-878C-C0BD519C0F5A}.Debug|Any CPU.Build.0 = Debug|Any CPU
		{11210CB6-CCF0-4464-878C-C0BD519C0F5A}.Release|Any CPU.ActiveCfg = Release|Any CPU
		{11210CB6-CCF0-4464-878C-C0BD519C0F5A}.Release|Any CPU.Build.0 = Release|Any CPU
	EndGlobalSection
	GlobalSection(SolutionProperties) = preSolution
		HideSolutionNode = FALSE
	EndGlobalSection
	GlobalSection(ExtensibilityGlobals) = postSolution
		SolutionGuid = {4B5490E1-ABA9-4231-81DE-E07840B57B24}
	EndGlobalSection
EndGlobal
