
Microsoft Visual Studio Solution File, Format Version 12.00
# Visual Studio Version 17
VisualStudioVersion = 17.4.33205.214
MinimumVisualStudioVersion = 10.0.40219.1
Project("{9A19103F-16F7-4668-BE54-9A1E7A4F7556}") = "Day1", "Day1\Day1.csproj", "{DC654BA9-83E3-4F45-A9EC-4FFC1E2C3692}"
EndProject
Project("{9A19103F-16F7-4668-BE54-9A1E7A4F7556}") = "Day2", "Day2\Day2.csproj", "{8EB17DAC-A93E-4B70-ACEB-583D13E049A0}"
EndProject
Project("{FAE04EC0-301F-11D3-BF4B-00C04F79EFBC}") = "Day3", "Day3\Day3.csproj", "{11210CB6-CCF0-4464-878C-C0BD519C0F5A}"
EndProject
Project("{FAE04EC0-301F-11D3-BF4B-00C04F79EFBC}") = "Day4", "Day4\Day4.csproj", "{0C5E2653-1F91-44E5-BAA0-836B0DBA2720}"
EndProject
Project("{FAE04EC0-301F-11D3-BF4B-00C04F79EFBC}") = "Day5", "Day5\Day5.csproj", "{2627F31F-722C-4C27-B74D-0EA30840E6F6}"
EndProject
Project("{FAE04EC0-301F-11D3-BF4B-00C04F79EFBC}") = "Day6", "Day6\Day6.csproj", "{216C0260-F7D5-4231-AC36-2CFF78DCACC0}"
EndProject
Project("{FAE04EC0-301F-11D3-BF4B-00C04F79EFBC}") = "Day7", "Day7\Day7.csproj", "{9EB51B95-154F-4EDB-BE1D-78681B25919A}"
EndProject
Global
	GlobalSection(SolutionConfigurationPlatforms) = preSolution
		Debug|Any CPU = Debug|Any CPU
		Release|Any CPU = Release|Any CPU
	EndGlobalSection
	GlobalSection(ProjectConfigurationPlatforms) = postSolution
		{DC654BA9-83E3-4F45-A9EC-4FFC1E2C3692}.Debug|Any CPU.ActiveCfg = Debug|Any CPU
		{DC654BA9-83E3-4F45-A9EC-4FFC1E2C3692}.Debug|Any CPU.Build.0 = Debug|Any CPU
		{DC654BA9-83E3-4F45-A9EC-4FFC1E2C3692}.Release|Any CPU.ActiveCfg = Release|Any CPU
		{DC654BA9-83E3-4F45-A9EC-4FFC1E2C3692}.Release|Any CPU.Build.0 = Release|Any CPU
		{8EB17DAC-A93E-4B70-ACEB-583D13E049A0}.Debug|Any CPU.ActiveCfg = Debug|Any CPU
		{8EB17DAC-A93E-4B70-ACEB-583D13E049A0}.Debug|Any CPU.Build.0 = Debug|Any CPU
		{8EB17DAC-A93E-4B70-ACEB-583D13E049A0}.Release|Any CPU.ActiveCfg = Release|Any CPU
		{8EB17DAC-A93E-4B70-ACEB-583D13E049A0}.Release|Any CPU.Build.0 = Release|Any CPU
		{11210CB6-CCF0-4464-878C-C0BD519C0F5A}.Debug|Any CPU.ActiveCfg = Debug|Any CPU
		{11210CB6-CCF0-4464-878C-C0BD519C0F5A}.Debug|Any CPU.Build.0 = Debug|Any CPU
		{11210CB6-CCF0-4464-878C-C0BD519C0F5A}.Release|Any CPU.ActiveCfg = Release|Any CPU
		{11210CB6-CCF0-4464-878C-C0BD519C0F5A}.Release|Any CPU.Build.0 = Release|Any CPU
		{0C5E2653-1F91-44E5-BAA0-836B0DBA2720}.Debug|Any CPU.ActiveCfg = Debug|Any CPU
		{0C5E2653-1F91-44E5-BAA0-836B0DBA2720}.Debug|Any CPU.Build.0 = Debug|Any CPU
		{0C5E2653-1F91-44E5-BAA0-836B0DBA2720}.Release|Any CPU.ActiveCfg = Release|Any CPU
		{0C5E2653-1F91-44E5-BAA0-836B0DBA2720}.Release|Any CPU.Build.0 = Release|Any CPU
		{2627F31F-722C-4C27-B74D-0EA30840E6F6}.Debug|Any CPU.ActiveCfg = Debug|Any CPU
		{2627F31F-722C-4C27-B74D-0EA30840E6F6}.Debug|Any CPU.Build.0 = Debug|Any CPU
		{2627F31F-722C-4C27-B74D-0EA30840E6F6}.Release|Any CPU.ActiveCfg = Release|Any CPU
		{2627F31F-722C-4C27-B74D-0EA30840E6F6}.Release|Any CPU.Build.0 = Release|Any CPU
		{216C0260-F7D5-4231-AC36-2CFF78DCACC0}.Debug|Any CPU.ActiveCfg = Debug|Any CPU
		{216C0260-F7D5-4231-AC36-2CFF78DCACC0}.Debug|Any CPU.Build.0 = Debug|Any CPU
		{216C0260-F7D5-4231-AC36-2CFF78DCACC0}.Release|Any CPU.ActiveCfg = Release|Any CPU
		{216C0260-F7D5-4231-AC36-2CFF78DCACC0}.Release|Any CPU.Build.0 = Release|Any CPU
		{9EB51B95-154F-4EDB-BE1D-78681B25919A}.Debug|Any CPU.ActiveCfg = Debug|Any CPU
		{9EB51B95-154F-4EDB-BE1D-78681B25919A}.Debug|Any CPU.Build.0 = Debug|Any CPU
		{9EB51B95-154F-4EDB-BE1D-78681B25919A}.Release|Any CPU.ActiveCfg = Release|Any CPU
		{9EB51B95-154F-4EDB-BE1D-78681B25919A}.Release|Any CPU.Build.0 = Release|Any CPU
	EndGlobalSection
	GlobalSection(SolutionProperties) = preSolution
		HideSolutionNode = FALSE
	EndGlobalSection
	GlobalSection(ExtensibilityGlobals) = postSolution
		SolutionGuid = {4B5490E1-ABA9-4231-81DE-E07840B57B24}
	EndGlobalSection
EndGlobal
